github.com/moby/sys/mountinfo v0.4.1 h1:1O+1cHA1aujwEwwVMa2Xm2l+gIpUHyd3+D+d7LZh1kM=
github.com/moby/sys/mountinfo v0.4.1/go.mod h1:rEr8tzG/lsIZHBtN/JjGG+LMYx9eXgW2JI+6q0qou+A=
golang.org/x/sys v0.0.0-20200909081042-eff7692f9009/go.mod h1:h1NjWce9XRLGQEsW7wpKNCjG9DtNlClVuFLEZdDNbEs=
golang.org/x/sys v0.0.0-20211025201205-69cdffdb9359 h1:2B5p2L5IfGiD7+b9BOoRMC6DgObAVZV+Fsp050NqXik=
golang.org/x/sys v0.0.0-20211025201205-69cdffdb9359/go.mod h1:oPkhp1MJrh7nUepCBck5+mAzfO9JrbApNNgaTdGDITg=
