github.com/moby/sys/mountinfo v0.3.1 h1:R+C9GycEzoR3GdwQ7mANRhJORnVDJiRkf0JMY82MeI0=
github.com/moby/sys/mountinfo v0.3.1/go.mod h1:rEr8tzG/lsIZHBtN/JjGG+LMYx9eXgW2JI+6q0qou+A=
golang.org/x/sys v0.0.0-20200909081042-eff7692f9009/go.mod h1:h1NjWce9XRLGQEsW7wpKNCjG9DtNlClVuFLEZdDNbEs=
golang.org/x/sys v0.0.0-20200922070232-aee5d888a860 h1:YEu4SMq7D0cmT7CBbXfcH0NZeuChAXwsHe/9XueUO6o=
golang.org/x/sys v0.0.0-20200922070232-aee5d888a860/go.mod h1:h1NjWce9XRLGQEsW7wpKNCjG9DtNlClVuFLEZdDNbEs=
